// !$*UTF8*$!
{
	archiveVersion = 1;
	classes = {
	};
	objectVersion = 46;
	objects = {

/* Begin PBXBuildFile section */
		1258B59D1B9DFACF00F88D07 /* main.m in Sources */ = {isa = PBXBuildFile; fileRef = 1258B59C1B9DFACF00F88D07 /* main.m */; };
		1258B5A01B9DFACF00F88D07 /* SVAppDelegate.m in Sources */ = {isa = PBXBuildFile; fileRef = 1258B59F1B9DFACF00F88D07 /* SVAppDelegate.m */; };
		1258B5A31B9DFACF00F88D07 /* SVMainViewController.m in Sources */ = {isa = PBXBuildFile; fileRef = 1258B5A21B9DFACF00F88D07 /* SVMainViewController.m */; };
		1258B5A61B9DFACF00F88D07 /* Main.storyboard in Resources */ = {isa = PBXBuildFile; fileRef = 1258B5A41B9DFACF00F88D07 /* Main.storyboard */; };
		1258B5A81B9DFACF00F88D07 /* Images.xcassets in Resources */ = {isa = PBXBuildFile; fileRef = 1258B5A71B9DFACF00F88D07 /* Images.xcassets */; };
		1258B5AB1B9DFACF00F88D07 /* LaunchScreen.xib in Resources */ = {isa = PBXBuildFile; fileRef = 1258B5A91B9DFACF00F88D07 /* LaunchScreen.xib */; };
		1258B5B71B9DFACF00F88D07 /* My_Own_ScrollviewTests.m in Sources */ = {isa = PBXBuildFile; fileRef = 1258B5B61B9DFACF00F88D07 /* My_Own_ScrollviewTests.m */; };
		126E98A61B9E05E40059518A /* SVMyScrollView.m in Sources */ = {isa = PBXBuildFile; fileRef = 126E98A51B9E05E40059518A /* SVMyScrollView.m */; };
/* End PBXBuildFile section */

/* Begin PBXContainerItemProxy section */
		1258B5B11B9DFACF00F88D07 /* PBXContainerItemProxy */ = {
			isa = PBXContainerItemProxy;
			containerPortal = 1258B58F1B9DFACF00F88D07 /* Project object */;
			proxyType = 1;
			remoteGlobalIDString = 1258B5961B9DFACF00F88D07;
			remoteInfo = "My Own Scrollview";
		};
/* End PBXContainerItemProxy section */

/* Begin PBXFileReference section */
		1258B5971B9DFACF00F88D07 /* My Own Scrollview.app */ = {isa = PBXFileReference; explicitFileType = wrapper.application; includeInIndex = 0; path = "My Own Scrollview.app"; sourceTree = BUILT_PRODUCTS_DIR; };
		1258B59B1B9DFACF00F88D07 /* Info.plist */ = {isa = PBXFileReference; lastKnownFileType = text.plist.xml; path = Info.plist; sourceTree = "<group>"; };
		1258B59C1B9DFACF00F88D07 /* main.m */ = {isa = PBXFileReference; lastKnownFileType = sourcecode.c.objc; path = main.m; sourceTree = "<group>"; };
		1258B59E1B9DFACF00F88D07 /* SVAppDelegate.h */ = {isa = PBXFileReference; lastKnownFileType = sourcecode.c.h; path = SVAppDelegate.h; sourceTree = "<group>"; };
		1258B59F1B9DFACF00F88D07 /* SVAppDelegate.m */ = {isa = PBXFileReference; lastKnownFileType = sourcecode.c.objc; path = SVAppDelegate.m; sourceTree = "<group>"; };
		1258B5A11B9DFACF00F88D07 /* SVMainViewController.h */ = {isa = PBXFileReference; lastKnownFileType = sourcecode.c.h; path = SVMainViewController.h; sourceTree = "<group>"; };
		1258B5A21B9DFACF00F88D07 /* SVMainViewController.m */ = {isa = PBXFileReference; lastKnownFileType = sourcecode.c.objc; path = SVMainViewController.m; sourceTree = "<group>"; };
		1258B5A51B9DFACF00F88D07 /* Base */ = {isa = PBXFileReference; lastKnownFileType = file.storyboard; name = Base; path = Base.lproj/Main.storyboard; sourceTree = "<group>"; };
		1258B5A71B9DFACF00F88D07 /* Images.xcassets */ = {isa = PBXFileReference; lastKnownFileType = folder.assetcatalog; path = Images.xcassets; sourceTree = "<group>"; };
		1258B5AA1B9DFACF00F88D07 /* Base */ = {isa = PBXFileReference; lastKnownFileType = file.xib; name = Base; path = Base.lproj/LaunchScreen.xib; sourceTree = "<group>"; };
		1258B5B01B9DFACF00F88D07 /* My Own ScrollviewTests.xctest */ = {isa = PBXFileReference; explicitFileType = wrapper.cfbundle; includeInIndex = 0; path = "My Own ScrollviewTests.xctest"; sourceTree = BUILT_PRODUCTS_DIR; };
		1258B5B51B9DFACF00F88D07 /* Info.plist */ = {isa = PBXFileReference; lastKnownFileType = text.plist.xml; path = Info.plist; sourceTree = "<group>"; };
		1258B5B61B9DFACF00F88D07 /* My_Own_ScrollviewTests.m */ = {isa = PBXFileReference; lastKnownFileType = sourcecode.c.objc; path = My_Own_ScrollviewTests.m; sourceTree = "<group>"; };
		126E98A41B9E05E40059518A /* SVMyScrollView.h */ = {isa = PBXFileReference; fileEncoding = 4; lastKnownFileType = sourcecode.c.h; path = SVMyScrollView.h; sourceTree = "<group>"; };
		126E98A51B9E05E40059518A /* SVMyScrollView.m */ = {isa = PBXFileReference; fileEncoding = 4; lastKnownFileType = sourcecode.c.objc; path = SVMyScrollView.m; sourceTree = "<group>"; };
/* End PBXFileReference section */

/* Begin PBXFrameworksBuildPhase section */
		1258B5941B9DFACF00F88D07 /* Frameworks */ = {
			isa = PBXFrameworksBuildPhase;
			buildActionMask = 2147483647;
			files = (
			);
			runOnlyForDeploymentPostprocessing = 0;
		};
		1258B5AD1B9DFACF00F88D07 /* Frameworks */ = {
			isa = PBXFrameworksBuildPhase;
			buildActionMask = 2147483647;
			files = (
			);
			runOnlyForDeploymentPostprocessing = 0;
		};
/* End PBXFrameworksBuildPhase section */

/* Begin PBXGroup section */
		1258B58E1B9DFACF00F88D07 = {
			isa = PBXGroup;
			children = (
				1258B5991B9DFACF00F88D07 /* My Own Scrollview */,
				1258B5B31B9DFACF00F88D07 /* My Own ScrollviewTests */,
				1258B5981B9DFACF00F88D07 /* Products */,
			);
			sourceTree = "<group>";
		};
		1258B5981B9DFACF00F88D07 /* Products */ = {
			isa = PBXGroup;
			children = (
				1258B5971B9DFACF00F88D07 /* My Own Scrollview.app */,
				1258B5B01B9DFACF00F88D07 /* My Own ScrollviewTests.xctest */,
			);
			name = Products;
			sourceTree = "<group>";
		};
		1258B5991B9DFACF00F88D07 /* My Own Scrollview */ = {
			isa = PBXGroup;
			children = (
				1258B59E1B9DFACF00F88D07 /* SVAppDelegate.h */,
				1258B59F1B9DFACF00F88D07 /* SVAppDelegate.m */,
				126E98A41B9E05E40059518A /* SVMyScrollView.h */,
				126E98A51B9E05E40059518A /* SVMyScrollView.m */,
				1258B5A11B9DFACF00F88D07 /* SVMainViewController.h */,
				1258B5A21B9DFACF00F88D07 /* SVMainViewController.m */,
				1258B5A41B9DFACF00F88D07 /* Main.storyboard */,
				1258B5A71B9DFACF00F88D07 /* Images.xcassets */,
				1258B5A91B9DFACF00F88D07 /* LaunchScreen.xib */,
				1258B59A1B9DFACF00F88D07 /* Supporting Files */,
			);
			path = "My Own Scrollview";
			sourceTree = "<group>";
		};
		1258B59A1B9DFACF00F88D07 /* Supporting Files */ = {
			isa = PBXGroup;
			children = (
				1258B59B1B9DFACF00F88D07 /* Info.plist */,
				1258B59C1B9DFACF00F88D07 /* main.m */,
			);
			name = "Supporting Files";
			sourceTree = "<group>";
		};
		1258B5B31B9DFACF00F88D07 /* My Own ScrollviewTests */ = {
			isa = PBXGroup;
			children = (
				1258B5B61B9DFACF00F88D07 /* My_Own_ScrollviewTests.m */,
				1258B5B41B9DFACF00F88D07 /* Supporting Files */,
			);
			path = "My Own ScrollviewTests";
			sourceTree = "<group>";
		};
		1258B5B41B9DFACF00F88D07 /* Supporting Files */ = {
			isa = PBXGroup;
			children = (
				1258B5B51B9DFACF00F88D07 /* Info.plist */,
			);
			name = "Supporting Files";
			sourceTree = "<group>";
		};
/* End PBXGroup section */

/* Begin PBXNativeTarget section */
		1258B5961B9DFACF00F88D07 /* My Own Scrollview */ = {
			isa = PBXNativeTarget;
			buildConfigurationList = 1258B5BA1B9DFACF00F88D07 /* Build configuration list for PBXNativeTarget "My Own Scrollview" */;
			buildPhases = (
				1258B5931B9DFACF00F88D07 /* Sources */,
				1258B5941B9DFACF00F88D07 /* Frameworks */,
				1258B5951B9DFACF00F88D07 /* Resources */,
			);
			buildRules = (
			);
			dependencies = (
			);
			name = "My Own Scrollview";
			productName = "My Own Scrollview";
			productReference = 1258B5971B9DFACF00F88D07 /* My Own Scrollview.app */;
			productType = "com.apple.product-type.application";
		};
		1258B5AF1B9DFACF00F88D07 /* My Own ScrollviewTests */ = {
			isa = PBXNativeTarget;
			buildConfigurationList = 1258B5BD1B9DFACF00F88D07 /* Build configuration list for PBXNativeTarget "My Own ScrollviewTests" */;
			buildPhases = (
				1258B5AC1B9DFACF00F88D07 /* Sources */,
				1258B5AD1B9DFACF00F88D07 /* Frameworks */,
				1258B5AE1B9DFACF00F88D07 /* Resources */,
			);
			buildRules = (
			);
			dependencies = (
				1258B5B21B9DFACF00F88D07 /* PBXTargetDependency */,
			);
			name = "My Own ScrollviewTests";
			productName = "My Own ScrollviewTests";
			productReference = 1258B5B01B9DFACF00F88D07 /* My Own ScrollviewTests.xctest */;
			productType = "com.apple.product-type.bundle.unit-test";
		};
/* End PBXNativeTarget section */

/* Begin PBXProject section */
		1258B58F1B9DFACF00F88D07 /* Project object */ = {
			isa = PBXProject;
			attributes = {
				LastUpgradeCheck = 0640;
				ORGANIZATIONNAME = asu;
				TargetAttributes = {
					1258B5961B9DFACF00F88D07 = {
						CreatedOnToolsVersion = 6.4;
					};
					1258B5AF1B9DFACF00F88D07 = {
						CreatedOnToolsVersion = 6.4;
						TestTargetID = 1258B5961B9DFACF00F88D07;
					};
				};
			};
			buildConfigurationList = 1258B5921B9DFACF00F88D07 /* Build configuration list for PBXProject "My Own Scrollview" */;
			compatibilityVersion = "Xcode 3.2";
			developmentRegion = English;
			hasScannedForEncodings = 0;
			knownRegions = (
				en,
				Base,
			);
			mainGroup = 1258B58E1B9DFACF00F88D07;
			productRefGroup = 1258B5981B9DFACF00F88D07 /* Products */;
			projectDirPath = "";
			projectRoot = "";
			targets = (
				1258B5961B9DFACF00F88D07 /* My Own Scrollview */,
				1258B5AF1B9DFACF00F88D07 /* My Own ScrollviewTests */,
			);
		};
/* End PBXProject section */

/* Begin PBXResourcesBuildPhase section */
		1258B5951B9DFACF00F88D07 /* Resources */ = {
			isa = PBXResourcesBuildPhase;
			buildActionMask = 2147483647;
			files = (
				1258B5A61B9DFACF00F88D07 /* Main.storyboard in Resources */,
				1258B5AB1B9DFACF00F88D07 /* LaunchScreen.xib in Resources */,
				1258B5A81B9DFACF00F88D07 /* Images.xcassets in Resources */,
			);
			runOnlyForDeploymentPostprocessing = 0;
		};
		1258B5AE1B9DFACF00F88D07 /* Resources */ = {
			isa = PBXResourcesBuildPhase;
			buildActionMask = 2147483647;
			files = (
			);
			runOnlyForDeploymentPostprocessing = 0;
		};
/* End PBXResourcesBuildPhase section */

/* Begin PBXSourcesBuildPhase section */
		1258B5931B9DFACF00F88D07 /* Sources */ = {
			isa = PBXSourcesBuildPhase;
			buildActionMask = 2147483647;
			files = (
				1258B5A31B9DFACF00F88D07 /* SVMainViewController.m in Sources */,
				126E98A61B9E05E40059518A /* SVMyScrollView.m in Sources */,
				1258B5A01B9DFACF00F88D07 /* SVAppDelegate.m in Sources */,
				1258B59D1B9DFACF00F88D07 /* main.m in Sources */,
			);
			runOnlyForDeploymentPostprocessing = 0;
		};
		1258B5AC1B9DFACF00F88D07 /* Sources */ = {
			isa = PBXSourcesBuildPhase;
			buildActionMask = 2147483647;
			files = (
				1258B5B71B9DFACF00F88D07 /* My_Own_ScrollviewTests.m in Sources */,
			);
			runOnlyForDeploymentPostprocessing = 0;
		};
/* End PBXSourcesBuildPhase section */

/* Begin PBXTargetDependency section */
		1258B5B21B9DFACF00F88D07 /* PBXTargetDependency */ = {
			isa = PBXTargetDependency;
			target = 1258B5961B9DFACF00F88D07 /* My Own Scrollview */;
			targetProxy = 1258B5B11B9DFACF00F88D07 /* PBXContainerItemProxy */;
		};
/* End PBXTargetDependency section */

/* Begin PBXVariantGroup section */
		1258B5A41B9DFACF00F88D07 /* Main.storyboard */ = {
			isa = PBXVariantGroup;
			children = (
				1258B5A51B9DFACF00F88D07 /* Base */,
			);
			name = Main.storyboard;
			sourceTree = "<group>";
		};
		1258B5A91B9DFACF00F88D07 /* LaunchScreen.xib */ = {
			isa = PBXVariantGroup;
			children = (
				1258B5AA1B9DFACF00F88D07 /* Base */,
			);
			name = LaunchScreen.xib;
			sourceTree = "<group>";
		};
/* End PBXVariantGroup section */

/* Begin XCBuildConfiguration section */
		1258B5B81B9DFACF00F88D07 /* Debug */ = {
			isa = XCBuildConfiguration;
			buildSettings = {
				ALWAYS_SEARCH_USER_PATHS = NO;
				CLANG_CXX_LANGUAGE_STANDARD = "gnu++0x";
				CLANG_CXX_LIBRARY = "libc++";
				CLANG_ENABLE_MODULES = YES;
				CLANG_ENABLE_OBJC_ARC = YES;
				CLANG_WARN_BOOL_CONVERSION = YES;
				CLANG_WARN_CONSTANT_CONVERSION = YES;
				CLANG_WARN_DIRECT_OBJC_ISA_USAGE = YES_ERROR;
				CLANG_WARN_EMPTY_BODY = YES;
				CLANG_WARN_ENUM_CONVERSION = YES;
				CLANG_WARN_INT_CONVERSION = YES;
				CLANG_WARN_OBJC_ROOT_CLASS = YES_ERROR;
				CLANG_WARN_UNREACHABLE_CODE = YES;
				CLANG_WARN__DUPLICATE_METHOD_MATCH = YES;
				"CODE_SIGN_IDENTITY[sdk=iphoneos*]" = "iPhone Developer";
				COPY_PHASE_STRIP = NO;
				DEBUG_INFORMATION_FORMAT = "dwarf-with-dsym";
				ENABLE_STRICT_OBJC_MSGSEND = YES;
				GCC_C_LANGUAGE_STANDARD = gnu99;
				GCC_DYNAMIC_NO_PIC = NO;
				GCC_NO_COMMON_BLOCKS = YES;
				GCC_OPTIMIZATION_LEVEL = 0;
				GCC_PREPROCESSOR_DEFINITIONS = (
					"DEBUG=1",
					"$(inherited)",
				);
				GCC_SYMBOLS_PRIVATE_EXTERN = NO;
				GCC_WARN_64_TO_32_BIT_CONVERSION = YES;
				GCC_WARN_ABOUT_RETURN_TYPE = YES_ERROR;
				GCC_WARN_UNDECLARED_SELECTOR = YES;
				GCC_WARN_UNINITIALIZED_AUTOS = YES_AGGRESSIVE;
				GCC_WARN_UNUSED_FUNCTION = YES;
				GCC_WARN_UNUSED_VARIABLE = YES;
				IPHONEOS_DEPLOYMENT_TARGET = 8.4;
				MTL_ENABLE_DEBUG_INFO = YES;
				ONLY_ACTIVE_ARCH = YES;
				SDKROOT = iphoneos;
			};
			name = Debug;
		};
		1258B5B91B9DFACF00F88D07 /* Release */ = {
			isa = XCBuildConfiguration;
			buildSettings = {
				ALWAYS_SEARCH_USER_PATHS = NO;
				CLANG_CXX_LANGUAGE_STANDARD = "gnu++0x";
				CLANG_CXX_LIBRARY = "libc++";
				CLANG_ENABLE_MODULES = YES;
				CLANG_ENABLE_OBJC_ARC = YES;
				CLANG_WARN_BOOL_CONVERSION = YES;
				CLANG_WARN_CONSTANT_CONVERSION = YES;
				CLANG_WARN_DIRECT_OBJC_ISA_USAGE = YES_ERROR;
				CLANG_WARN_EMPTY_BODY = YES;
				CLANG_WARN_ENUM_CONVERSION = YES;
				CLANG_WARN_INT_CONVERSION = YES;
				CLANG_WARN_OBJC_ROOT_CLASS = YES_ERROR;
				CLANG_WARN_UNREACHABLE_CODE = YES;
				CLANG_WARN__DUPLICATE_METHOD_MATCH = YES;
				"CODE_SIGN_IDENTITY[sdk=iphoneos*]" = "iPhone Developer";
				COPY_PHASE_STRIP = NO;
				DEBUG_INFORMATION_FORMAT = "dwarf-with-dsym";
				ENABLE_NS_ASSERTIONS = NO;
				ENABLE_STRICT_OBJC_MSGSEND = YES;
				GCC_C_LANGUAGE_STANDARD = gnu99;
				GCC_NO_COMMON_BLOCKS = YES;
				GCC_WARN_64_TO_32_BIT_CONVERSION = YES;
				GCC_WARN_ABOUT_RETURN_TYPE = YES_ERROR;
				GCC_WARN_UNDECLARED_SELECTOR = YES;
				GCC_WARN_UNINITIALIZED_AUTOS = YES_AGGRESSIVE;
				GCC_WARN_UNUSED_FUNCTION = YES;
				GCC_WARN_UNUSED_VARIABLE = YES;
				IPHONEOS_DEPLOYMENT_TARGET = 8.4;
				MTL_ENABLE_DEBUG_INFO = NO;
				SDKROOT = iphoneos;
				VALIDATE_PRODUCT = YES;
			};
			name = Release;
		};
		1258B5BB1B9DFACF00F88D07 /* Debug */ = {
			isa = XCBuildConfiguration;
			buildSettings = {
				ASSETCATALOG_COMPILER_APPICON_NAME = AppIcon;
				INFOPLIST_FILE = "My Own Scrollview/Info.plist";
				LD_RUNPATH_SEARCH_PATHS = "$(inherited) @executable_path/Frameworks";
				PRODUCT_NAME = "$(TARGET_NAME)";
			};
			name = Debug;
		};
		1258B5BC1B9DFACF00F88D07 /* Release */ = {
			isa = XCBuildConfiguration;
			buildSettings = {
				ASSETCATALOG_COMPILER_APPICON_NAME = AppIcon;
				INFOPLIST_FILE = "My Own Scrollview/Info.plist";
				LD_RUNPATH_SEARCH_PATHS = "$(inherited) @executable_path/Frameworks";
				PRODUCT_NAME = "$(TARGET_NAME)";
			};
			name = Release;
		};
		1258B5BE1B9DFACF00F88D07 /* Debug */ = {
			isa = XCBuildConfiguration;
			buildSettings = {
				BUNDLE_LOADER = "$(TEST_HOST)";
				FRAMEWORK_SEARCH_PATHS = (
					"$(SDKROOT)/Developer/Library/Frameworks",
					"$(inherited)",
				);
				GCC_PREPROCESSOR_DEFINITIONS = (
					"DEBUG=1",
					"$(inherited)",
				);
				INFOPLIST_FILE = "My Own ScrollviewTests/Info.plist";
				LD_RUNPATH_SEARCH_PATHS = "$(inherited) @executable_path/Frameworks @loader_path/Frameworks";
				PRODUCT_NAME = "$(TARGET_NAME)";
				TEST_HOST = "$(BUILT_PRODUCTS_DIR)/My Own Scrollview.app/My Own Scrollview";
			};
			name = Debug;
		};
		1258B5BF1B9DFACF00F88D07 /* Release */ = {
			isa = XCBuildConfiguration;
			buildSettings = {
				BUNDLE_LOADER = "$(TEST_HOST)";
				FRAMEWORK_SEARCH_PATHS = (
					"$(SDKROOT)/Developer/Library/Frameworks",
					"$(inherited)",
				);
				INFOPLIST_FILE = "My Own ScrollviewTests/Info.plist";
				LD_RUNPATH_SEARCH_PATHS = "$(inherited) @executable_path/Frameworks @loader_path/Frameworks";
				PRODUCT_NAME = "$(TARGET_NAME)";
				TEST_HOST = "$(BUILT_PRODUCTS_DIR)/My Own Scrollview.app/My Own Scrollview";
			};
			name = Release;
		};
/* End XCBuildConfiguration section */

/* Begin XCConfigurationList section */
		1258B5921B9DFACF00F88D07 /* Build configuration list for PBXProject "My Own Scrollview" */ = {
			isa = XCConfigurationList;
			buildConfigurations = (
				1258B5B81B9DFACF00F88D07 /* Debug */,
				1258B5B91B9DFACF00F88D07 /* Release */,
			);
			defaultConfigurationIsVisible = 0;
			defaultConfigurationName = Release;
		};
		1258B5BA1B9DFACF00F88D07 /* Build configuration list for PBXNativeTarget "My Own Scrollview" */ = {
			isa = XCConfigurationList;
			buildConfigurations = (
				1258B5BB1B9DFACF00F88D07 /* Debug */,
				1258B5BC1B9DFACF00F88D07 /* Release */,
			);
			defaultConfigurationIsVisible = 0;
			defaultConfigurationName = Release;
		};
		1258B5BD1B9DFACF00F88D07 /* Build configuration list for PBXNativeTarget "My Own ScrollviewTests" */ = {
			isa = XCConfigurationList;
			buildConfigurations = (
				1258B5BE1B9DFACF00F88D07 /* Debug */,
				1258B5BF1B9DFACF00F88D07 /* Release */,
			);
			defaultConfigurationIsVisible = 0;
			defaultConfigurationName = Release;
		};
/* End XCConfigurationList section */
	};
	rootObject = 1258B58F1B9DFACF00F88D07 /* Project object */;
}
